
Microsoft Visual Studio Solution File, Format Version 12.00
# Visual Studio Version 17
VisualStudioVersion = 17.4.33122.133
MinimumVisualStudioVersion = 10.0.40219.1
Project("{FAE04EC0-301F-11D3-BF4B-00C04F79EFBC}") = "malzeme2", "malzeme2\malzeme2.csproj", "{DFF31FA3-7026-4ED5-B921-319AD51F2C85}"
EndProject
Global
	GlobalSection(SolutionConfigurationPlatforms) = preSolution
		Debug|Any CPU = Debug|Any CPU
		Release|Any CPU = Release|Any CPU
	EndGlobalSection
	GlobalSection(ProjectConfigurationPlatforms) = postSolution
		{DFF31FA3-7026-4ED5-B921-319AD51F2C85}.Debug|Any CPU.ActiveCfg = Debug|Any CPU
		{DFF31FA3-7026-4ED5-B921-319AD51F2C85}.Debug|Any CPU.Build.0 = Debug|Any CPU
		{DFF31FA3-7026-4ED5-B921-319AD51F2C85}.Release|Any CPU.ActiveCfg = Release|Any CPU
		{DFF31FA3-7026-4ED5-B921-319AD51F2C85}.Release|Any CPU.Build.0 = Release|Any CPU
	EndGlobalSection
	GlobalSection(SolutionProperties) = preSolution
		HideSolutionNode = FALSE
	EndGlobalSection
	GlobalSection(ExtensibilityGlobals) = postSolution
		SolutionGuid = {E964DB74-8251-4B14-A94A-9F7777F5C1C1}
	EndGlobalSection
EndGlobal
